// !$*UTF8*$!
{
	archiveVersion = 1;
	classes = {
	};
	objectVersion = 46;
	objects = {

/* Begin PBXBuildFile section */
		715982961E332CA800327798 /* main.m in Sources */ = {isa = PBXBuildFile; fileRef = 715982951E332CA800327798 /* main.m */; };
		715982991E332CA800327798 /* AppDelegate.m in Sources */ = {isa = PBXBuildFile; fileRef = 715982981E332CA800327798 /* AppDelegate.m */; };
		7159829C1E332CA800327798 /* ViewController.m in Sources */ = {isa = PBXBuildFile; fileRef = 7159829B1E332CA800327798 /* ViewController.m */; };
		7159829F1E332CA900327798 /* Main.storyboard in Resources */ = {isa = PBXBuildFile; fileRef = 7159829D1E332CA900327798 /* Main.storyboard */; };
		715982A11E332CA900327798 /* Assets.xcassets in Resources */ = {isa = PBXBuildFile; fileRef = 715982A01E332CA900327798 /* Assets.xcassets */; };
		715982A41E332CA900327798 /* LaunchScreen.storyboard in Resources */ = {isa = PBXBuildFile; fileRef = 715982A21E332CA900327798 /* LaunchScreen.storyboard */; };
		715982AE1E332CCD00327798 /* TRZXConfirmFinancingViewController.m in Sources */ = {isa = PBXBuildFile; fileRef = 715982AD1E332CCD00327798 /* TRZXConfirmFinancingViewController.m */; };
		715982B11E332D2B00327798 /* Target_TRZXConfirmFinancing.m in Sources */ = {isa = PBXBuildFile; fileRef = 715982B01E332D2B00327798 /* Target_TRZXConfirmFinancing.m */; };
		9103991E78B934A9406C34A9 /* libPods-TRZXConfirmFinancing.a in Frameworks */ = {isa = PBXBuildFile; fileRef = CBA586F5E04577870D318316 /* libPods-TRZXConfirmFinancing.a */; };
/* End PBXBuildFile section */

/* Begin PBXFileReference section */
		1E21EF30F67023106BA07F9C /* Pods-TRZXConfirmFinancing.release.xcconfig */ = {isa = PBXFileReference; includeInIndex = 1; lastKnownFileType = text.xcconfig; name = "Pods-TRZXConfirmFinancing.release.xcconfig"; path = "Pods/Target Support Files/Pods-TRZXConfirmFinancing/Pods-TRZXConfirmFinancing.release.xcconfig"; sourceTree = "<group>"; };
		715982911E332CA800327798 /* TRZXConfirmFinancing.app */ = {isa = PBXFileReference; explicitFileType = wrapper.application; includeInIndex = 0; path = TRZXConfirmFinancing.app; sourceTree = BUILT_PRODUCTS_DIR; };
		715982951E332CA800327798 /* main.m */ = {isa = PBXFileReference; lastKnownFileType = sourcecode.c.objc; path = main.m; sourceTree = "<group>"; };
		715982971E332CA800327798 /* AppDelegate.h */ = {isa = PBXFileReference; lastKnownFileType = sourcecode.c.h; path = AppDelegate.h; sourceTree = "<group>"; };
		715982981E332CA800327798 /* AppDelegate.m */ = {isa = PBXFileReference; lastKnownFileType = sourcecode.c.objc; path = AppDelegate.m; sourceTree = "<group>"; };
		7159829A1E332CA800327798 /* ViewController.h */ = {isa = PBXFileReference; lastKnownFileType = sourcecode.c.h; path = ViewController.h; sourceTree = "<group>"; };
		7159829B1E332CA800327798 /* ViewController.m */ = {isa = PBXFileReference; lastKnownFileType = sourcecode.c.objc; path = ViewController.m; sourceTree = "<group>"; };
		7159829E1E332CA900327798 /* Base */ = {isa = PBXFileReference; lastKnownFileType = file.storyboard; name = Base; path = Base.lproj/Main.storyboard; sourceTree = "<group>"; };
		715982A01E332CA900327798 /* Assets.xcassets */ = {isa = PBXFileReference; lastKnownFileType = folder.assetcatalog; path = Assets.xcassets; sourceTree = "<group>"; };
		715982A31E332CA900327798 /* Base */ = {isa = PBXFileReference; lastKnownFileType = file.storyboard; name = Base; path = Base.lproj/LaunchScreen.storyboard; sourceTree = "<group>"; };
		715982A51E332CA900327798 /* Info.plist */ = {isa = PBXFileReference; lastKnownFileType = text.plist.xml; path = Info.plist; sourceTree = "<group>"; };
		715982AC1E332CCD00327798 /* TRZXConfirmFinancingViewController.h */ = {isa = PBXFileReference; fileEncoding = 4; lastKnownFileType = sourcecode.c.h; path = TRZXConfirmFinancingViewController.h; sourceTree = "<group>"; };
		715982AD1E332CCD00327798 /* TRZXConfirmFinancingViewController.m */ = {isa = PBXFileReference; fileEncoding = 4; lastKnownFileType = sourcecode.c.objc; path = TRZXConfirmFinancingViewController.m; sourceTree = "<group>"; };
		715982AF1E332D2B00327798 /* Target_TRZXConfirmFinancing.h */ = {isa = PBXFileReference; fileEncoding = 4; lastKnownFileType = sourcecode.c.h; path = Target_TRZXConfirmFinancing.h; sourceTree = "<group>"; };
		715982B01E332D2B00327798 /* Target_TRZXConfirmFinancing.m */ = {isa = PBXFileReference; fileEncoding = 4; lastKnownFileType = sourcecode.c.objc; path = Target_TRZXConfirmFinancing.m; sourceTree = "<group>"; };
		96B8CD5FE0BE90185D3A1584 /* Pods-TRZXConfirmFinancing.debug.xcconfig */ = {isa = PBXFileReference; includeInIndex = 1; lastKnownFileType = text.xcconfig; name = "Pods-TRZXConfirmFinancing.debug.xcconfig"; path = "Pods/Target Support Files/Pods-TRZXConfirmFinancing/Pods-TRZXConfirmFinancing.debug.xcconfig"; sourceTree = "<group>"; };
		CBA586F5E04577870D318316 /* libPods-TRZXConfirmFinancing.a */ = {isa = PBXFileReference; explicitFileType = archive.ar; includeInIndex = 0; path = "libPods-TRZXConfirmFinancing.a"; sourceTree = BUILT_PRODUCTS_DIR; };
/* End PBXFileReference section */

/* Begin PBXFrameworksBuildPhase section */
		7159828E1E332CA800327798 /* Frameworks */ = {
			isa = PBXFrameworksBuildPhase;
			buildActionMask = 2147483647;
			files = (
				9103991E78B934A9406C34A9 /* libPods-TRZXConfirmFinancing.a in Frameworks */,
			);
			runOnlyForDeploymentPostprocessing = 0;
		};
/* End PBXFrameworksBuildPhase section */

/* Begin PBXGroup section */
		65DA619B205E5FE1BC1A26B0 /* Frameworks */ = {
			isa = PBXGroup;
			children = (
				CBA586F5E04577870D318316 /* libPods-TRZXConfirmFinancing.a */,
			);
			name = Frameworks;
			sourceTree = "<group>";
		};
		715982881E332CA800327798 = {
			isa = PBXGroup;
			children = (
				715982931E332CA800327798 /* TRZXConfirmFinancing */,
				715982921E332CA800327798 /* Products */,
				65DA619B205E5FE1BC1A26B0 /* Frameworks */,
				B5021146F407C379D5DC5A66 /* Pods */,
			);
			sourceTree = "<group>";
		};
		715982921E332CA800327798 /* Products */ = {
			isa = PBXGroup;
			children = (
				715982911E332CA800327798 /* TRZXConfirmFinancing.app */,
			);
			name = Products;
			sourceTree = "<group>";
		};
		715982931E332CA800327798 /* TRZXConfirmFinancing */ = {
			isa = PBXGroup;
			children = (
				715982AB1E332CBB00327798 /* TRZXConfirmFinancing */,
				715982971E332CA800327798 /* AppDelegate.h */,
				715982981E332CA800327798 /* AppDelegate.m */,
				7159829A1E332CA800327798 /* ViewController.h */,
				7159829B1E332CA800327798 /* ViewController.m */,
				7159829D1E332CA900327798 /* Main.storyboard */,
				715982A01E332CA900327798 /* Assets.xcassets */,
				715982A21E332CA900327798 /* LaunchScreen.storyboard */,
				715982A51E332CA900327798 /* Info.plist */,
				715982941E332CA800327798 /* Supporting Files */,
			);
			path = TRZXConfirmFinancing;
			sourceTree = "<group>";
		};
		715982941E332CA800327798 /* Supporting Files */ = {
			isa = PBXGroup;
			children = (
				715982951E332CA800327798 /* main.m */,
			);
			name = "Supporting Files";
			sourceTree = "<group>";
		};
		715982AB1E332CBB00327798 /* TRZXConfirmFinancing */ = {
			isa = PBXGroup;
			children = (
				715982AF1E332D2B00327798 /* Target_TRZXConfirmFinancing.h */,
				715982B01E332D2B00327798 /* Target_TRZXConfirmFinancing.m */,
				715982AC1E332CCD00327798 /* TRZXConfirmFinancingViewController.h */,
				715982AD1E332CCD00327798 /* TRZXConfirmFinancingViewController.m */,
			);
			path = TRZXConfirmFinancing;
			sourceTree = "<group>";
		};
		B5021146F407C379D5DC5A66 /* Pods */ = {
			isa = PBXGroup;
			children = (
				96B8CD5FE0BE90185D3A1584 /* Pods-TRZXConfirmFinancing.debug.xcconfig */,
				1E21EF30F67023106BA07F9C /* Pods-TRZXConfirmFinancing.release.xcconfig */,
			);
			name = Pods;
			sourceTree = "<group>";
		};
/* End PBXGroup section */

/* Begin PBXNativeTarget section */
		715982901E332CA800327798 /* TRZXConfirmFinancing */ = {
			isa = PBXNativeTarget;
			buildConfigurationList = 715982A81E332CA900327798 /* Build configuration list for PBXNativeTarget "TRZXConfirmFinancing" */;
			buildPhases = (
				4B696F96C887CDF2598A3062 /* [CP] Check Pods Manifest.lock */,
				7159828D1E332CA800327798 /* Sources */,
				7159828E1E332CA800327798 /* Frameworks */,
				7159828F1E332CA800327798 /* Resources */,
				88DE507D9AD71AE7A0D201FA /* [CP] Embed Pods Frameworks */,
				F8538B319D1C481FF4442AEE /* [CP] Copy Pods Resources */,
			);
			buildRules = (
			);
			dependencies = (
			);
			name = TRZXConfirmFinancing;
			productName = TRZXConfirmFinancing;
			productReference = 715982911E332CA800327798 /* TRZXConfirmFinancing.app */;
			productType = "com.apple.product-type.application";
		};
/* End PBXNativeTarget section */

/* Begin PBXProject section */
		715982891E332CA800327798 /* Project object */ = {
			isa = PBXProject;
			attributes = {
				LastUpgradeCheck = 0820;
				ORGANIZATIONNAME = TRZX;
				TargetAttributes = {
					715982901E332CA800327798 = {
						CreatedOnToolsVersion = 8.2.1;
						DevelopmentTeam = 487PQPPTGA;
						ProvisioningStyle = Automatic;
					};
				};
			};
			buildConfigurationList = 7159828C1E332CA800327798 /* Build configuration list for PBXProject "TRZXConfirmFinancing" */;
			compatibilityVersion = "Xcode 3.2";
			developmentRegion = English;
			hasScannedForEncodings = 0;
			knownRegions = (
				en,
				Base,
			);
			mainGroup = 715982881E332CA800327798;
			productRefGroup = 715982921E332CA800327798 /* Products */;
			projectDirPath = "";
			projectRoot = "";
			targets = (
				715982901E332CA800327798 /* TRZXConfirmFinancing */,
			);
		};
/* End PBXProject section */

/* Begin PBXResourcesBuildPhase section */
		7159828F1E332CA800327798 /* Resources */ = {
			isa = PBXResourcesBuildPhase;
			buildActionMask = 2147483647;
			files = (
				715982A41E332CA900327798 /* LaunchScreen.storyboard in Resources */,
				715982A11E332CA900327798 /* Assets.xcassets in Resources */,
				7159829F1E332CA900327798 /* Main.storyboard in Resources */,
			);
			runOnlyForDeploymentPostprocessing = 0;
		};
/* End PBXResourcesBuildPhase section */

/* Begin PBXShellScriptBuildPhase section */
		4B696F96C887CDF2598A3062 /* [CP] Check Pods Manifest.lock */ = {
			isa = PBXShellScriptBuildPhase;
			buildActionMask = 2147483647;
			files = (
			);
			inputPaths = (
			);
			name = "[CP] Check Pods Manifest.lock";
			outputPaths = (
			);
			runOnlyForDeploymentPostprocessing = 0;
			shellPath = /bin/sh;
			shellScript = "diff \"${PODS_ROOT}/../Podfile.lock\" \"${PODS_ROOT}/Manifest.lock\" > /dev/null\nif [ $? != 0 ] ; then\n    # print error to STDERR\n    echo \"error: The sandbox is not in sync with the Podfile.lock. Run 'pod install' or update your CocoaPods installation.\" >&2\n    exit 1\nfi\n";
			showEnvVarsInLog = 0;
		};
		88DE507D9AD71AE7A0D201FA /* [CP] Embed Pods Frameworks */ = {
			isa = PBXShellScriptBuildPhase;
			buildActionMask = 2147483647;
			files = (
			);
			inputPaths = (
			);
			name = "[CP] Embed Pods Frameworks";
			outputPaths = (
			);
			runOnlyForDeploymentPostprocessing = 0;
			shellPath = /bin/sh;
			shellScript = "\"${SRCROOT}/Pods/Target Support Files/Pods-TRZXConfirmFinancing/Pods-TRZXConfirmFinancing-frameworks.sh\"\n";
			showEnvVarsInLog = 0;
		};
		F8538B319D1C481FF4442AEE /* [CP] Copy Pods Resources */ = {
			isa = PBXShellScriptBuildPhase;
			buildActionMask = 2147483647;
			files = (
			);
			inputPaths = (
			);
			name = "[CP] Copy Pods Resources";
			outputPaths = (
			);
			runOnlyForDeploymentPostprocessing = 0;
			shellPath = /bin/sh;
			shellScript = "\"${SRCROOT}/Pods/Target Support Files/Pods-TRZXConfirmFinancing/Pods-TRZXConfirmFinancing-resources.sh\"\n";
			showEnvVarsInLog = 0;
		};
/* End PBXShellScriptBuildPhase section */

/* Begin PBXSourcesBuildPhase section */
		7159828D1E332CA800327798 /* Sources */ = {
			isa = PBXSourcesBuildPhase;
			buildActionMask = 2147483647;
			files = (
				715982B11E332D2B00327798 /* Target_TRZXConfirmFinancing.m in Sources */,
				7159829C1E332CA800327798 /* ViewController.m in Sources */,
				715982AE1E332CCD00327798 /* TRZXConfirmFinancingViewController.m in Sources */,
				715982991E332CA800327798 /* AppDelegate.m in Sources */,
				715982961E332CA800327798 /* main.m in Sources */,
			);
			runOnlyForDeploymentPostprocessing = 0;
		};
/* End PBXSourcesBuildPhase section */

/* Begin PBXVariantGroup section */
		7159829D1E332CA900327798 /* Main.storyboard */ = {
			isa = PBXVariantGroup;
			children = (
				7159829E1E332CA900327798 /* Base */,
			);
			name = Main.storyboard;
			sourceTree = "<group>";
		};
		715982A21E332CA900327798 /* LaunchScreen.storyboard */ = {
			isa = PBXVariantGroup;
			children = (
				715982A31E332CA900327798 /* Base */,
			);
			name = LaunchScreen.storyboard;
			sourceTree = "<group>";
		};
/* End PBXVariantGroup section */

/* Begin XCBuildConfiguration section */
		715982A61E332CA900327798 /* Debug */ = {
			isa = XCBuildConfiguration;
			buildSettings = {
				ALWAYS_SEARCH_USER_PATHS = NO;
				CLANG_ANALYZER_NONNULL = YES;
				CLANG_CXX_LANGUAGE_STANDARD = "gnu++0x";
				CLANG_CXX_LIBRARY = "libc++";
				CLANG_ENABLE_MODULES = YES;
				CLANG_ENABLE_OBJC_ARC = YES;
				CLANG_WARN_BOOL_CONVERSION = YES;
				CLANG_WARN_CONSTANT_CONVERSION = YES;
				CLANG_WARN_DIRECT_OBJC_ISA_USAGE = YES_ERROR;
				CLANG_WARN_DOCUMENTATION_COMMENTS = YES;
				CLANG_WARN_EMPTY_BODY = YES;
				CLANG_WARN_ENUM_CONVERSION = YES;
				CLANG_WARN_INFINITE_RECURSION = YES;
				CLANG_WARN_INT_CONVERSION = YES;
				CLANG_WARN_OBJC_ROOT_CLASS = YES_ERROR;
				CLANG_WARN_SUSPICIOUS_MOVE = YES;
				CLANG_WARN_UNREACHABLE_CODE = YES;
				CLANG_WARN__DUPLICATE_METHOD_MATCH = YES;
				"CODE_SIGN_IDENTITY[sdk=iphoneos*]" = "iPhone Developer";
				COPY_PHASE_STRIP = NO;
				DEBUG_INFORMATION_FORMAT = dwarf;
				ENABLE_STRICT_OBJC_MSGSEND = YES;
				ENABLE_TESTABILITY = YES;
				GCC_C_LANGUAGE_STANDARD = gnu99;
				GCC_DYNAMIC_NO_PIC = NO;
				GCC_NO_COMMON_BLOCKS = YES;
				GCC_OPTIMIZATION_LEVEL = 0;
				GCC_PREPROCESSOR_DEFINITIONS = (
					"DEBUG=1",
					"$(inherited)",
				);
				GCC_WARN_64_TO_32_BIT_CONVERSION = YES;
				GCC_WARN_ABOUT_RETURN_TYPE = YES_ERROR;
				GCC_WARN_UNDECLARED_SELECTOR = YES;
				GCC_WARN_UNINITIALIZED_AUTOS = YES_AGGRESSIVE;
				GCC_WARN_UNUSED_FUNCTION = YES;
				GCC_WARN_UNUSED_VARIABLE = YES;
				IPHONEOS_DEPLOYMENT_TARGET = 10.2;
				MTL_ENABLE_DEBUG_INFO = YES;
				ONLY_ACTIVE_ARCH = YES;
				SDKROOT = iphoneos;
				TARGETED_DEVICE_FAMILY = "1,2";
			};
			name = Debug;
		};
		715982A71E332CA900327798 /* Release */ = {
			isa = XCBuildConfiguration;
			buildSettings = {
				ALWAYS_SEARCH_USER_PATHS = NO;
				CLANG_ANALYZER_NONNULL = YES;
				CLANG_CXX_LANGUAGE_STANDARD = "gnu++0x";
				CLANG_CXX_LIBRARY = "libc++";
				CLANG_ENABLE_MODULES = YES;
				CLANG_ENABLE_OBJC_ARC = YES;
				CLANG_WARN_BOOL_CONVERSION = YES;
				CLANG_WARN_CONSTANT_CONVERSION = YES;
				CLANG_WARN_DIRECT_OBJC_ISA_USAGE = YES_ERROR;
				CLANG_WARN_DOCUMENTATION_COMMENTS = YES;
				CLANG_WARN_EMPTY_BODY = YES;
				CLANG_WARN_ENUM_CONVERSION = YES;
				CLANG_WARN_INFINITE_RECURSION = YES;
				CLANG_WARN_INT_CONVERSION = YES;
				CLANG_WARN_OBJC_ROOT_CLASS = YES_ERROR;
				CLANG_WARN_SUSPICIOUS_MOVE = YES;
				CLANG_WARN_UNREACHABLE_CODE = YES;
				CLANG_WARN__DUPLICATE_METHOD_MATCH = YES;
				"CODE_SIGN_IDENTITY[sdk=iphoneos*]" = "iPhone Developer";
				COPY_PHASE_STRIP = NO;
				DEBUG_INFORMATION_FORMAT = "dwarf-with-dsym";
				ENABLE_NS_ASSERTIONS = NO;
				ENABLE_STRICT_OBJC_MSGSEND = YES;
				GCC_C_LANGUAGE_STANDARD = gnu99;
				GCC_NO_COMMON_BLOCKS = YES;
				GCC_WARN_64_TO_32_BIT_CONVERSION = YES;
				GCC_WARN_ABOUT_RETURN_TYPE = YES_ERROR;
				GCC_WARN_UNDECLARED_SELECTOR = YES;
				GCC_WARN_UNINITIALIZED_AUTOS = YES_AGGRESSIVE;
				GCC_WARN_UNUSED_FUNCTION = YES;
				GCC_WARN_UNUSED_VARIABLE = YES;
				IPHONEOS_DEPLOYMENT_TARGET = 10.2;
				MTL_ENABLE_DEBUG_INFO = NO;
				SDKROOT = iphoneos;
				TARGETED_DEVICE_FAMILY = "1,2";
				VALIDATE_PRODUCT = YES;
			};
			name = Release;
		};
		715982A91E332CA900327798 /* Debug */ = {
			isa = XCBuildConfiguration;
			baseConfigurationReference = 96B8CD5FE0BE90185D3A1584 /* Pods-TRZXConfirmFinancing.debug.xcconfig */;
			buildSettings = {
				ASSETCATALOG_COMPILER_APPICON_NAME = AppIcon;
				DEVELOPMENT_TEAM = 487PQPPTGA;
				INFOPLIST_FILE = TRZXConfirmFinancing/Info.plist;
				IPHONEOS_DEPLOYMENT_TARGET = 8.0;
				LD_RUNPATH_SEARCH_PATHS = "$(inherited) @executable_path/Frameworks";
				PRODUCT_BUNDLE_IDENTIFIER = mmwipo.com.TRZXConfirmFinancing;
				PRODUCT_NAME = "$(TARGET_NAME)";
			};
			name = Debug;
		};
		715982AA1E332CA900327798 /* Release */ = {
			isa = XCBuildConfiguration;
			baseConfigurationReference = 1E21EF30F67023106BA07F9C /* Pods-TRZXConfirmFinancing.release.xcconfig */;
			buildSettings = {
				ASSETCATALOG_COMPILER_APPICON_NAME = AppIcon;
				DEVELOPMENT_TEAM = 487PQPPTGA;
				INFOPLIST_FILE = TRZXConfirmFinancing/Info.plist;
				IPHONEOS_DEPLOYMENT_TARGET = 8.0;
				LD_RUNPATH_SEARCH_PATHS = "$(inherited) @executable_path/Frameworks";
				PRODUCT_BUNDLE_IDENTIFIER = mmwipo.com.TRZXConfirmFinancing;
				PRODUCT_NAME = "$(TARGET_NAME)";
			};
			name = Release;
		};
/* End XCBuildConfiguration section */

/* Begin XCConfigurationList section */
		7159828C1E332CA800327798 /* Build configuration list for PBXProject "TRZXConfirmFinancing" */ = {
			isa = XCConfigurationList;
			buildConfigurations = (
				715982A61E332CA900327798 /* Debug */,
				715982A71E332CA900327798 /* Release */,
			);
			defaultConfigurationIsVisible = 0;
			defaultConfigurationName = Release;
		};
		715982A81E332CA900327798 /* Build configuration list for PBXNativeTarget "TRZXConfirmFinancing" */ = {
			isa = XCConfigurationList;
			buildConfigurations = (
				715982A91E332CA900327798 /* Debug */,
				715982AA1E332CA900327798 /* Release */,
			);
			defaultConfigurationIsVisible = 0;
			defaultConfigurationName = Release;
		};
/* End XCConfigurationList section */
	};
	rootObject = 715982891E332CA800327798 /* Project object */;
}
